
Microsoft Visual Studio Solution File, Format Version 12.00
# Visual Studio Version 17
VisualStudioVersion = 17.0.31903.59
MinimumVisualStudioVersion = 10.0.40219.1
Project("{FAE04EC0-301F-11D3-BF4B-00C04F79EFBC}") = "TransactionsIngest", "TransactionsIngest\TransactionsIngest.csproj", "{E5E1B909-6315-43AA-9E17-8AC381C91C8F}"
EndProject
Project("{FAE04EC0-301F-11D3-BF4B-00C04F79EFBC}") = "TransactionsApi", "TransactionsApi\TransactionsApi.csproj", "{D24C5832-9AA8-41A2-9F89-735F36829F5E}"
EndProject
Project("{FAE04EC0-301F-11D3-BF4B-00C04F79EFBC}") = "TransactionsIngest.Tests", "TransactionsIngest.Tests\TransactionsIngest.Tests.csproj", "{772E879C-8009-4846-A20C-0A25BD99EBFC}"
EndProject
Global
	GlobalSection(SolutionConfigurationPlatforms) = preSolution
		Debug|Any CPU = Debug|Any CPU
		Debug|x64 = Debug|x64
		Debug|x86 = Debug|x86
		Release|Any CPU = Release|Any CPU
		Release|x64 = Release|x64
		Release|x86 = Release|x86
	EndGlobalSection
	GlobalSection(ProjectConfigurationPlatforms) = postSolution
		{E5E1B909-6315-43AA-9E17-8AC381C91C8F}.Debug|Any CPU.ActiveCfg = Debug|Any CPU
		{E5E1B909-6315-43AA-9E17-8AC381C91C8F}.Debug|Any CPU.Build.0 = Debug|Any CPU
		{E5E1B909-6315-43AA-9E17-8AC381C91C8F}.Debug|x64.ActiveCfg = Debug|Any CPU
		{E5E1B909-6315-43AA-9E17-8AC381C91C8F}.Debug|x64.Build.0 = Debug|Any CPU
		{E5E1B909-6315-43AA-9E17-8AC381C91C8F}.Debug|x86.ActiveCfg = Debug|Any CPU
		{E5E1B909-6315-43AA-9E17-8AC381C91C8F}.Debug|x86.Build.0 = Debug|Any CPU
		{E5E1B909-6315-43AA-9E17-8AC381C91C8F}.Release|Any CPU.ActiveCfg = Release|Any CPU
		{E5E1B909-6315-43AA-9E17-8AC381C91C8F}.Release|Any CPU.Build.0 = Release|Any CPU
		{E5E1B909-6315-43AA-9E17-8AC381C91C8F}.Release|x64.ActiveCfg = Release|Any CPU
		{E5E1B909-6315-43AA-9E17-8AC381C91C8F}.Release|x64.Build.0 = Release|Any CPU
		{E5E1B909-6315-43AA-9E17-8AC381C91C8F}.Release|x86.ActiveCfg = Release|Any CPU
		{E5E1B909-6315-43AA-9E17-8AC381C91C8F}.Release|x86.Build.0 = Release|Any CPU
		{D24C5832-9AA8-41A2-9F89-735F36829F5E}.Debug|Any CPU.ActiveCfg = Debug|Any CPU
		{D24C5832-9AA8-41A2-9F89-735F36829F5E}.Debug|Any CPU.Build.0 = Debug|Any CPU
		{D24C5832-9AA8-41A2-9F89-735F36829F5E}.Debug|x64.ActiveCfg = Debug|Any CPU
		{D24C5832-9AA8-41A2-9F89-735F36829F5E}.Debug|x64.Build.0 = Debug|Any CPU
		{D24C5832-9AA8-41A2-9F89-735F36829F5E}.Debug|x86.ActiveCfg = Debug|Any CPU
		{D24C5832-9AA8-41A2-9F89-735F36829F5E}.Debug|x86.Build.0 = Debug|Any CPU
		{D24C5832-9AA8-41A2-9F89-735F36829F5E}.Release|Any CPU.ActiveCfg = Release|Any CPU
		{D24C5832-9AA8-41A2-9F89-735F36829F5E}.Release|Any CPU.Build.0 = Release|Any CPU
		{D24C5832-9AA8-41A2-9F89-735F36829F5E}.Release|x64.ActiveCfg = Release|Any CPU
		{D24C5832-9AA8-41A2-9F89-735F36829F5E}.Release|x64.Build.0 = Release|Any CPU
		{D24C5832-9AA8-41A2-9F89-735F36829F5E}.Release|x86.ActiveCfg = Release|Any CPU
		{D24C5832-9AA8-41A2-9F89-735F36829F5E}.Release|x86.Build.0 = Release|Any CPU
		{772E879C-8009-4846-A20C-0A25BD99EBFC}.Debug|Any CPU.ActiveCfg = Debug|Any CPU
		{772E879C-8009-4846-A20C-0A25BD99EBFC}.Debug|Any CPU.Build.0 = Debug|Any CPU
		{772E879C-8009-4846-A20C-0A25BD99EBFC}.Debug|x64.ActiveCfg = Debug|Any CPU
		{772E879C-8009-4846-A20C-0A25BD99EBFC}.Debug|x64.Build.0 = Debug|Any CPU
		{772E879C-8009-4846-A20C-0A25BD99EBFC}.Debug|x86.ActiveCfg = Debug|Any CPU
		{772E879C-8009-4846-A20C-0A25BD99EBFC}.Debug|x86.Build.0 = Debug|Any CPU
		{772E879C-8009-4846-A20C-0A25BD99EBFC}.Release|Any CPU.ActiveCfg = Release|Any CPU
		{772E879C-8009-4846-A20C-0A25BD99EBFC}.Release|Any CPU.Build.0 = Release|Any CPU
		{772E879C-8009-4846-A20C-0A25BD99EBFC}.Release|x64.ActiveCfg = Release|Any CPU
		{772E879C-8009-4846-A20C-0A25BD99EBFC}.Release|x64.Build.0 = Release|Any CPU
		{772E879C-8009-4846-A20C-0A25BD99EBFC}.Release|x86.ActiveCfg = Release|Any CPU
		{772E879C-8009-4846-A20C-0A25BD99EBFC}.Release|x86.Build.0 = Release|Any CPU
	EndGlobalSection
	GlobalSection(SolutionProperties) = preSolution
		HideSolutionNode = FALSE
	EndGlobalSection
EndGlobal
